{
  "name": "DmytroOnopa.github.io",
  "lockfileVersion": 2,
  "requires": true,
  "packages": {
    "": {
      "name": "DmytroOnopa.github.io",
      "dependencies": {
        "@pageclip/valid-form": "^1.1.1"
      }
    },
    "node_modules/@pageclip/valid-form": {
      "version": "1.1.1",
      "resolved": "https://registry.npmjs.org/@pageclip/valid-form/-/valid-form-1.1.1.tgz",
      "integrity": "sha512-KUsFHA5EpnmWcZ+VGeEzH4MKhADhXtSLZsE9b7lG2EcmNXNH60bdnGC1YQpLKyyjDr4fQQfvIdCh9Hlsi462hQ=="
    }
  },
  "dependencies": {
    "@pageclip/valid-form": {
      "version": "1.1.1",
      "resolved": "https://registry.npmjs.org/@pageclip/valid-form/-/valid-form-1.1.1.tgz",
      "integrity": "sha512-KUsFHA5EpnmWcZ+VGeEzH4MKhADhXtSLZsE9b7lG2EcmNXNH60bdnGC1YQpLKyyjDr4fQQfvIdCh9Hlsi462hQ=="
    }
  }
}
